
Microsoft Visual Studio Solution File, Format Version 12.00
# Visual Studio Version 17
VisualStudioVersion = 17.4.33403.182
MinimumVisualStudioVersion = 10.0.40219.1
Project("{FAE04EC0-301F-11D3-BF4B-00C04F79EFBC}") = "DopplerRadarFormsApp.Android", "DopplerRadarFormsApp.Android\DopplerRadarFormsApp.Android.csproj", "{23317152-400F-4639-B94A-0E1EAE269508}"
EndProject
Project("{FAE04EC0-301F-11D3-BF4B-00C04F79EFBC}") = "DopplerRadarFormsApp", "DopplerRadarFormsApp\DopplerRadarFormsApp.csproj", "{2DB92504-9304-4439-9502-5ABA735DC841}"
EndProject
Global
	GlobalSection(SolutionConfigurationPlatforms) = preSolution
		Debug|Any CPU = Debug|Any CPU
		Release|Any CPU = Release|Any CPU
	EndGlobalSection
	GlobalSection(ProjectConfigurationPlatforms) = postSolution
		{23317152-400F-4639-B94A-0E1EAE269508}.Debug|Any CPU.ActiveCfg = Debug|Any CPU
		{23317152-400F-4639-B94A-0E1EAE269508}.Debug|Any CPU.Build.0 = Debug|Any CPU
		{23317152-400F-4639-B94A-0E1EAE269508}.Debug|Any CPU.Deploy.0 = Debug|Any CPU
		{23317152-400F-4639-B94A-0E1EAE269508}.Release|Any CPU.ActiveCfg = Release|Any CPU
		{23317152-400F-4639-B94A-0E1EAE269508}.Release|Any CPU.Build.0 = Release|Any CPU
		{23317152-400F-4639-B94A-0E1EAE269508}.Release|Any CPU.Deploy.0 = Release|Any CPU
		{2DB92504-9304-4439-9502-5ABA735DC841}.Debug|Any CPU.ActiveCfg = Debug|Any CPU
		{2DB92504-9304-4439-9502-5ABA735DC841}.Debug|Any CPU.Build.0 = Debug|Any CPU
		{2DB92504-9304-4439-9502-5ABA735DC841}.Debug|Any CPU.Deploy.0 = Debug|Any CPU
		{2DB92504-9304-4439-9502-5ABA735DC841}.Release|Any CPU.ActiveCfg = Release|Any CPU
		{2DB92504-9304-4439-9502-5ABA735DC841}.Release|Any CPU.Build.0 = Release|Any CPU
		{2DB92504-9304-4439-9502-5ABA735DC841}.Release|Any CPU.Deploy.0 = Release|Any CPU
	EndGlobalSection
	GlobalSection(SolutionProperties) = preSolution
		HideSolutionNode = FALSE
	EndGlobalSection
	GlobalSection(ExtensibilityGlobals) = postSolution
		SolutionGuid = {7B6E03CF-DA84-42C7-B958-D4256DC53EF3}
	EndGlobalSection
EndGlobal
